
Microsoft Visual Studio Solution File, Format Version 12.00
# Visual Studio Version 16
VisualStudioVersion = 16.0.32413.511
MinimumVisualStudioVersion = 10.0.40219.1
Project("{FAE04EC0-301F-11D3-BF4B-00C04F79EFBC}") = "P128HomeWork", "P128HomeWork.csproj", "{B76C38AD-9FF0-415F-A571-14763EC08D29}"
EndProject
Global
	GlobalSection(SolutionConfigurationPlatforms) = preSolution
		Debug|Any CPU = Debug|Any CPU
		Release|Any CPU = Release|Any CPU
	EndGlobalSection
	GlobalSection(ProjectConfigurationPlatforms) = postSolution
		{B76C38AD-9FF0-415F-A571-14763EC08D29}.Debug|Any CPU.ActiveCfg = Debug|Any CPU
		{B76C38AD-9FF0-415F-A571-14763EC08D29}.Debug|Any CPU.Build.0 = Debug|Any CPU
		{B76C38AD-9FF0-415F-A571-14763EC08D29}.Release|Any CPU.ActiveCfg = Release|Any CPU
		{B76C38AD-9FF0-415F-A571-14763EC08D29}.Release|Any CPU.Build.0 = Release|Any CPU
	EndGlobalSection
	GlobalSection(SolutionProperties) = preSolution
		HideSolutionNode = FALSE
	EndGlobalSection
	GlobalSection(ExtensibilityGlobals) = postSolution
		SolutionGuid = {D34AE937-3E5F-4318-8A95-F806961544CB}
	EndGlobalSection
EndGlobal
