
Microsoft Visual Studio Solution File, Format Version 12.00
# Visual Studio Version 16
VisualStudioVersion = 16.0.32413.511
MinimumVisualStudioVersion = 10.0.40219.1
Project("{FAE04EC0-301F-11D3-BF4B-00C04F79EFBC}") = "P128OperatorOverloadingInCustomType", "P128OperatorOverloadingInCustomType.csproj", "{33F41571-0B16-4D5A-92F0-B18C38C0923C}"
EndProject
Global
	GlobalSection(SolutionConfigurationPlatforms) = preSolution
		Debug|Any CPU = Debug|Any CPU
		Release|Any CPU = Release|Any CPU
	EndGlobalSection
	GlobalSection(ProjectConfigurationPlatforms) = postSolution
		{33F41571-0B16-4D5A-92F0-B18C38C0923C}.Debug|Any CPU.ActiveCfg = Debug|Any CPU
		{33F41571-0B16-4D5A-92F0-B18C38C0923C}.Debug|Any CPU.Build.0 = Debug|Any CPU
		{33F41571-0B16-4D5A-92F0-B18C38C0923C}.Release|Any CPU.ActiveCfg = Release|Any CPU
		{33F41571-0B16-4D5A-92F0-B18C38C0923C}.Release|Any CPU.Build.0 = Release|Any CPU
	EndGlobalSection
	GlobalSection(SolutionProperties) = preSolution
		HideSolutionNode = FALSE
	EndGlobalSection
	GlobalSection(ExtensibilityGlobals) = postSolution
		SolutionGuid = {EA3737E5-1893-45FE-84D5-97C623BB58D6}
	EndGlobalSection
EndGlobal
